
Microsoft Visual Studio Solution File, Format Version 12.00
# Visual Studio 15
VisualStudioVersion = 15.0.28307.572
MinimumVisualStudioVersion = 10.0.40219.1
Project("{FAE04EC0-301F-11D3-BF4B-00C04F79EFBC}") = "TICKET BOOKING SYSTEM", "TICKET BOOKING SYSTEM\TICKET BOOKING SYSTEM.csproj", "{4AE683B4-0048-4EA7-A463-B9CB1D86B993}"
EndProject
Global
	GlobalSection(SolutionConfigurationPlatforms) = preSolution
		Debug|Any CPU = Debug|Any CPU
		Release|Any CPU = Release|Any CPU
	EndGlobalSection
	GlobalSection(ProjectConfigurationPlatforms) = postSolution
		{4AE683B4-0048-4EA7-A463-B9CB1D86B993}.Debug|Any CPU.ActiveCfg = Debug|Any CPU
		{4AE683B4-0048-4EA7-A463-B9CB1D86B993}.Debug|Any CPU.Build.0 = Debug|Any CPU
		{4AE683B4-0048-4EA7-A463-B9CB1D86B993}.Release|Any CPU.ActiveCfg = Release|Any CPU
		{4AE683B4-0048-4EA7-A463-B9CB1D86B993}.Release|Any CPU.Build.0 = Release|Any CPU
	EndGlobalSection
	GlobalSection(SolutionProperties) = preSolution
		HideSolutionNode = FALSE
	EndGlobalSection
	GlobalSection(ExtensibilityGlobals) = postSolution
		SolutionGuid = {B73ACB31-22ED-4E62-8842-0DCF8999186D}
	EndGlobalSection
EndGlobal
